// !$*UTF8*$!
{
	archiveVersion = 1;
	classes = {
	};
	objectVersion = 50;
	objects = {

/* Begin PBXBuildFile section */
		835CF8322410A83C00AD11D7 /* AppDelegate.swift in Sources */ = {isa = PBXBuildFile; fileRef = 835CF8312410A83C00AD11D7 /* AppDelegate.swift */; };
		835CF8342410A83C00AD11D7 /* SceneDelegate.swift in Sources */ = {isa = PBXBuildFile; fileRef = 835CF8332410A83C00AD11D7 /* SceneDelegate.swift */; };
		835CF8362410A83C00AD11D7 /* ViewController.swift in Sources */ = {isa = PBXBuildFile; fileRef = 835CF8352410A83C00AD11D7 /* ViewController.swift */; };
		835CF8392410A83C00AD11D7 /* Main.storyboard in Resources */ = {isa = PBXBuildFile; fileRef = 835CF8372410A83C00AD11D7 /* Main.storyboard */; };
		835CF83B2410A84600AD11D7 /* Assets.xcassets in Resources */ = {isa = PBXBuildFile; fileRef = 835CF83A2410A84600AD11D7 /* Assets.xcassets */; };
		835CF83E2410A84600AD11D7 /* LaunchScreen.storyboard in Resources */ = {isa = PBXBuildFile; fileRef = 835CF83C2410A84600AD11D7 /* LaunchScreen.storyboard */; };
/* End PBXBuildFile section */

/* Begin PBXFileReference section */
		835CF82E2410A83C00AD11D7 /* productName.app */ = {isa = PBXFileReference; explicitFileType = wrapper.application; includeInIndex = 0; path = productName.app; sourceTree = BUILT_PRODUCTS_DIR; };
		835CF8312410A83C00AD11D7 /* AppDelegate.swift */ = {isa = PBXFileReference; lastKnownFileType = sourcecode.swift; path = AppDelegate.swift; sourceTree = "<group>"; };
		835CF8332410A83C00AD11D7 /* SceneDelegate.swift */ = {isa = PBXFileReference; lastKnownFileType = sourcecode.swift; path = SceneDelegate.swift; sourceTree = "<group>"; };
		835CF8352410A83C00AD11D7 /* ViewController.swift */ = {isa = PBXFileReference; lastKnownFileType = sourcecode.swift; path = ViewController.swift; sourceTree = "<group>"; };
		835CF8382410A83C00AD11D7 /* Base */ = {isa = PBXFileReference; lastKnownFileType = file.storyboard; name = Base; path = Base.lproj/Main.storyboard; sourceTree = "<group>"; };
		835CF83A2410A84600AD11D7 /* Assets.xcassets */ = {isa = PBXFileReference; lastKnownFileType = folder.assetcatalog; path = Assets.xcassets; sourceTree = "<group>"; };
		835CF83D2410A84600AD11D7 /* Base */ = {isa = PBXFileReference; lastKnownFileType = file.storyboard; name = Base; path = Base.lproj/LaunchScreen.storyboard; sourceTree = "<group>"; };
		835CF83F2410A84600AD11D7 /* Info.plist */ = {isa = PBXFileReference; lastKnownFileType = text.plist.xml; path = Info.plist; sourceTree = "<group>"; };
/* End PBXFileReference section */

/* Begin PBXFrameworksBuildPhase section */
		835CF82B2410A83C00AD11D7 /* Frameworks */ = {
			isa = PBXFrameworksBuildPhase;
			buildActionMask = 2147483647;
			files = (
			);
			runOnlyForDeploymentPostprocessing = 0;
		};
/* End PBXFrameworksBuildPhase section */

/* Begin PBXGroup section */
		835CF8252410A83C00AD11D7 = {
			isa = PBXGroup;
			children = (
				835CF8302410A83C00AD11D7 /* productName */,
				835CF82F2410A83C00AD11D7 /* Products */,
			);
			sourceTree = "<group>";
		};
		835CF82F2410A83C00AD11D7 /* Products */ = {
			isa = PBXGroup;
			children = (
				835CF82E2410A83C00AD11D7 /* productName.app */,
			);
			name = Products;
			sourceTree = "<group>";
		};
		835CF8302410A83C00AD11D7 /* productName */ = {
			isa = PBXGroup;
			children = (
				835CF8312410A83C00AD11D7 /* AppDelegate.swift */,
				835CF8332410A83C00AD11D7 /* SceneDelegate.swift */,
				835CF8352410A83C00AD11D7 /* ViewController.swift */,
				835CF8372410A83C00AD11D7 /* Main.storyboard */,
				835CF83A2410A84600AD11D7 /* Assets.xcassets */,
				835CF83C2410A84600AD11D7 /* LaunchScreen.storyboard */,
				835CF83F2410A84600AD11D7 /* Info.plist */,
			);
			path = productName;
			sourceTree = "<group>";
		};
/* End PBXGroup section */

/* Begin PBXNativeTarget section */
		835CF82D2410A83C00AD11D7 /* productName */ = {
			isa = PBXNativeTarget;
			buildConfigurationList = 835CF8422410A84600AD11D7 /* Build configuration list for PBXNativeTarget "productName" */;
			buildPhases = (
				835CF82A2410A83C00AD11D7 /* Sources */,
				835CF82B2410A83C00AD11D7 /* Frameworks */,
				835CF82C2410A83C00AD11D7 /* Resources */,
			);
			buildRules = (
			);
			dependencies = (
			);
			name = productName;
			productName = productName;
			productReference = 835CF82E2410A83C00AD11D7 /* productName.app */;
			productType = "com.apple.product-type.application";
		};
/* End PBXNativeTarget section */

/* Begin PBXProject section */
		835CF8262410A83C00AD11D7 /* Project object */ = {
			isa = PBXProject;
			attributes = {
				LastSwiftUpdateCheck = 1130;
				LastUpgradeCheck = 1130;
				ORGANIZATIONNAME = timothycheung80;
				TargetAttributes = {
					835CF82D2410A83C00AD11D7 = {
						CreatedOnToolsVersion = 11.3;
					};
				};
			};
			buildConfigurationList = 835CF8292410A83C00AD11D7 /* Build configuration list for PBXProject "productName" */;
			compatibilityVersion = "Xcode 9.3";
			developmentRegion = en;
			hasScannedForEncodings = 0;
			knownRegions = (
				en,
				Base,
			);
			mainGroup = 835CF8252410A83C00AD11D7;
			productRefGroup = 835CF82F2410A83C00AD11D7 /* Products */;
			projectDirPath = "";
			projectRoot = "";
			targets = (
				835CF82D2410A83C00AD11D7 /* productName */,
			);
		};
/* End PBXProject section */

/* Begin PBXResourcesBuildPhase section */
		835CF82C2410A83C00AD11D7 /* Resources */ = {
			isa = PBXResourcesBuildPhase;
			buildActionMask = 2147483647;
			files = (
				835CF83E2410A84600AD11D7 /* LaunchScreen.storyboard in Resources */,
				835CF83B2410A84600AD11D7 /* Assets.xcassets in Resources */,
				835CF8392410A83C00AD11D7 /* Main.storyboard in Resources */,
			);
			runOnlyForDeploymentPostprocessing = 0;
		};
/* End PBXResourcesBuildPhase section */

/* Begin PBXSourcesBuildPhase section */
		835CF82A2410A83C00AD11D7 /* Sources */ = {
			isa = PBXSourcesBuildPhase;
			buildActionMask = 2147483647;
			files = (
				835CF8362410A83C00AD11D7 /* ViewController.swift in Sources */,
				835CF8322410A83C00AD11D7 /* AppDelegate.swift in Sources */,
				835CF8342410A83C00AD11D7 /* SceneDelegate.swift in Sources */,
			);
			runOnlyForDeploymentPostprocessing = 0;
		};
/* End PBXSourcesBuildPhase section */

/* Begin PBXVariantGroup section */
		835CF8372410A83C00AD11D7 /* Main.storyboard */ = {
			isa = PBXVariantGroup;
			children = (
				835CF8382410A83C00AD11D7 /* Base */,
			);
			name = Main.storyboard;
			sourceTree = "<group>";
		};
		835CF83C2410A84600AD11D7 /* LaunchScreen.storyboard */ = {
			isa = PBXVariantGroup;
			children = (
				835CF83D2410A84600AD11D7 /* Base */,
			);
			name = LaunchScreen.storyboard;
			sourceTree = "<group>";
		};
/* End PBXVariantGroup section */

/* Begin XCBuildConfiguration section */
		835CF8402410A84600AD11D7 /* Debug */ = {
			isa = XCBuildConfiguration;
			buildSettings = {
				ALWAYS_SEARCH_USER_PATHS = NO;
				CLANG_ANALYZER_NONNULL = YES;
				CLANG_ANALYZER_NUMBER_OBJECT_CONVERSION = YES_AGGRESSIVE;
				CLANG_CXX_LANGUAGE_STANDARD = "gnu++14";
				CLANG_CXX_LIBRARY = "libc++";
				CLANG_ENABLE_MODULES = YES;
				CLANG_ENABLE_OBJC_ARC = YES;
				CLANG_ENABLE_OBJC_WEAK = YES;
				CLANG_WARN_BLOCK_CAPTURE_AUTORELEASING = YES;
				CLANG_WARN_BOOL_CONVERSION = YES;
				CLANG_WARN_COMMA = YES;
				CLANG_WARN_CONSTANT_CONVERSION = YES;
				CLANG_WARN_DEPRECATED_OBJC_IMPLEMENTATIONS = YES;
				CLANG_WARN_DIRECT_OBJC_ISA_USAGE = YES_ERROR;
				CLANG_WARN_DOCUMENTATION_COMMENTS = YES;
				CLANG_WARN_EMPTY_BODY = YES;
				CLANG_WARN_ENUM_CONVERSION = YES;
				CLANG_WARN_INFINITE_RECURSION = YES;
				CLANG_WARN_INT_CONVERSION = YES;
				CLANG_WARN_NON_LITERAL_NULL_CONVERSION = YES;
				CLANG_WARN_OBJC_IMPLICIT_RETAIN_SELF = YES;
				CLANG_WARN_OBJC_LITERAL_CONVERSION = YES;
				CLANG_WARN_OBJC_ROOT_CLASS = YES_ERROR;
				CLANG_WARN_RANGE_LOOP_ANALYSIS = YES;
				CLANG_WARN_STRICT_PROTOTYPES = YES;
				CLANG_WARN_SUSPICIOUS_MOVE = YES;
				CLANG_WARN_UNGUARDED_AVAILABILITY = YES_AGGRESSIVE;
				CLANG_WARN_UNREACHABLE_CODE = YES;
				CLANG_WARN__DUPLICATE_METHOD_MATCH = YES;
				COPY_PHASE_STRIP = NO;
				DEBUG_INFORMATION_FORMAT = dwarf;
				ENABLE_STRICT_OBJC_MSGSEND = YES;
				ENABLE_TESTABILITY = YES;
				GCC_C_LANGUAGE_STANDARD = gnu11;
				GCC_DYNAMIC_NO_PIC = NO;
				GCC_NO_COMMON_BLOCKS = YES;
				GCC_OPTIMIZATION_LEVEL = 0;
				GCC_PREPROCESSOR_DEFINITIONS = (
					"DEBUG=1",
					"$(inherited)",
				);
				GCC_WARN_64_TO_32_BIT_CONVERSION = YES;
				GCC_WARN_ABOUT_RETURN_TYPE = YES_ERROR;
				GCC_WARN_UNDECLARED_SELECTOR = YES;
				GCC_WARN_UNINITIALIZED_AUTOS = YES_AGGRESSIVE;
				GCC_WARN_UNUSED_FUNCTION = YES;
				GCC_WARN_UNUSED_VARIABLE = YES;
				IPHONEOS_DEPLOYMENT_TARGET = 13.2;
				MTL_ENABLE_DEBUG_INFO = INCLUDE_SOURCE;
				MTL_FAST_MATH = YES;
				ONLY_ACTIVE_ARCH = YES;
				SDKROOT = iphoneos;
				SWIFT_ACTIVE_COMPILATION_CONDITIONS = DEBUG;
				SWIFT_OPTIMIZATION_LEVEL = "-Onone";
			};
			name = Debug;
		};
		835CF8412410A84600AD11D7 /* Release */ = {
			isa = XCBuildConfiguration;
			buildSettings = {
				ALWAYS_SEARCH_USER_PATHS = NO;
				CLANG_ANALYZER_NONNULL = YES;
				CLANG_ANALYZER_NUMBER_OBJECT_CONVERSION = YES_AGGRESSIVE;
				CLANG_CXX_LANGUAGE_STANDARD = "gnu++14";
				CLANG_CXX_LIBRARY = "libc++";
				CLANG_ENABLE_MODULES = YES;
				CLANG_ENABLE_OBJC_ARC = YES;
				CLANG_ENABLE_OBJC_WEAK = YES;
				CLANG_WARN_BLOCK_CAPTURE_AUTORELEASING = YES;
				CLANG_WARN_BOOL_CONVERSION = YES;
				CLANG_WARN_COMMA = YES;
				CLANG_WARN_CONSTANT_CONVERSION = YES;
				CLANG_WARN_DEPRECATED_OBJC_IMPLEMENTATIONS = YES;
				CLANG_WARN_DIRECT_OBJC_ISA_USAGE = YES_ERROR;
				CLANG_WARN_DOCUMENTATION_COMMENTS = YES;
				CLANG_WARN_EMPTY_BODY = YES;
				CLANG_WARN_ENUM_CONVERSION = YES;
				CLANG_WARN_INFINITE_RECURSION = YES;
				CLANG_WARN_INT_CONVERSION = YES;
				CLANG_WARN_NON_LITERAL_NULL_CONVERSION = YES;
				CLANG_WARN_OBJC_IMPLICIT_RETAIN_SELF = YES;
				CLANG_WARN_OBJC_LITERAL_CONVERSION = YES;
				CLANG_WARN_OBJC_ROOT_CLASS = YES_ERROR;
				CLANG_WARN_RANGE_LOOP_ANALYSIS = YES;
				CLANG_WARN_STRICT_PROTOTYPES = YES;
				CLANG_WARN_SUSPICIOUS_MOVE = YES;
				CLANG_WARN_UNGUARDED_AVAILABILITY = YES_AGGRESSIVE;
				CLANG_WARN_UNREACHABLE_CODE = YES;
				CLANG_WARN__DUPLICATE_METHOD_MATCH = YES;
				COPY_PHASE_STRIP = NO;
				DEBUG_INFORMATION_FORMAT = "dwarf-with-dsym";
				ENABLE_NS_ASSERTIONS = NO;
				ENABLE_STRICT_OBJC_MSGSEND = YES;
				GCC_C_LANGUAGE_STANDARD = gnu11;
				GCC_NO_COMMON_BLOCKS = YES;
				GCC_WARN_64_TO_32_BIT_CONVERSION = YES;
				GCC_WARN_ABOUT_RETURN_TYPE = YES_ERROR;
				GCC_WARN_UNDECLARED_SELECTOR = YES;
				GCC_WARN_UNINITIALIZED_AUTOS = YES_AGGRESSIVE;
				GCC_WARN_UNUSED_FUNCTION = YES;
				GCC_WARN_UNUSED_VARIABLE = YES;
				IPHONEOS_DEPLOYMENT_TARGET = 13.2;
				MTL_ENABLE_DEBUG_INFO = NO;
				MTL_FAST_MATH = YES;
				SDKROOT = iphoneos;
				SWIFT_COMPILATION_MODE = wholemodule;
				SWIFT_OPTIMIZATION_LEVEL = "-O";
				VALIDATE_PRODUCT = YES;
			};
			name = Release;
		};
		835CF8432410A84600AD11D7 /* Debug */ = {
			isa = XCBuildConfiguration;
			buildSettings = {
				ASSETCATALOG_COMPILER_APPICON_NAME = AppIcon;
				CODE_SIGN_STYLE = Automatic;
				DEVELOPMENT_TEAM = 6JG4YXB2UZ;
				INFOPLIST_FILE = productName/Info.plist;
				LD_RUNPATH_SEARCH_PATHS = (
					"$(inherited)",
					"@executable_path/Frameworks",
				);
				PRODUCT_BUNDLE_IDENTIFIER = timothycheung80.productName;
				PRODUCT_NAME = "$(TARGET_NAME)";
				SWIFT_VERSION = 5.0;
				TARGETED_DEVICE_FAMILY = "1,2";
			};
			name = Debug;
		};
		835CF8442410A84600AD11D7 /* Release */ = {
			isa = XCBuildConfiguration;
			buildSettings = {
				ASSETCATALOG_COMPILER_APPICON_NAME = AppIcon;
				CODE_SIGN_STYLE = Automatic;
				DEVELOPMENT_TEAM = 6JG4YXB2UZ;
				INFOPLIST_FILE = productName/Info.plist;
				LD_RUNPATH_SEARCH_PATHS = (
					"$(inherited)",
					"@executable_path/Frameworks",
				);
				PRODUCT_BUNDLE_IDENTIFIER = timothycheung80.productName;
				PRODUCT_NAME = "$(TARGET_NAME)";
				SWIFT_VERSION = 5.0;
				TARGETED_DEVICE_FAMILY = "1,2";
			};
			name = Release;
		};
/* End XCBuildConfiguration section */

/* Begin XCConfigurationList section */
		835CF8292410A83C00AD11D7 /* Build configuration list for PBXProject "productName" */ = {
			isa = XCConfigurationList;
			buildConfigurations = (
				835CF8402410A84600AD11D7 /* Debug */,
				835CF8412410A84600AD11D7 /* Release */,
			);
			defaultConfigurationIsVisible = 0;
			defaultConfigurationName = Release;
		};
		835CF8422410A84600AD11D7 /* Build configuration list for PBXNativeTarget "productName" */ = {
			isa = XCConfigurationList;
			buildConfigurations = (
				835CF8432410A84600AD11D7 /* Debug */,
				835CF8442410A84600AD11D7 /* Release */,
			);
			defaultConfigurationIsVisible = 0;
			defaultConfigurationName = Release;
		};
/* End XCConfigurationList section */
	};
	rootObject = 835CF8262410A83C00AD11D7 /* Project object */;
}
